
Microsoft Visual Studio Solution File, Format Version 12.00
# Visual Studio 15
VisualStudioVersion = 15.0.28307.489
MinimumVisualStudioVersion = 10.0.40219.1
Project("{9A19103F-16F7-4668-BE54-9A1E7A4F7556}") = "XrayCS", "ECS\XrayCS.csproj", "{BF313B32-4AC3-4F4A-8867-D4EF9B063119}"
EndProject
Project("{FAE04EC0-301F-11D3-BF4B-00C04F79EFBC}") = "UnitTests", "UnitTests\UnitTests.csproj", "{9BCE78E2-EC46-4C5A-954D-9B7E0B0D556D}"
	ProjectSection(ProjectDependencies) = postProject
		{BF313B32-4AC3-4F4A-8867-D4EF9B063119} = {BF313B32-4AC3-4F4A-8867-D4EF9B063119}
	EndProjectSection
EndProject
Global
	GlobalSection(SolutionConfigurationPlatforms) = preSolution
		Debug|Any CPU = Debug|Any CPU
		Release|Any CPU = Release|Any CPU
	EndGlobalSection
	GlobalSection(ProjectConfigurationPlatforms) = postSolution
		{BF313B32-4AC3-4F4A-8867-D4EF9B063119}.Debug|Any CPU.ActiveCfg = Debug|Any CPU
		{BF313B32-4AC3-4F4A-8867-D4EF9B063119}.Debug|Any CPU.Build.0 = Debug|Any CPU
		{BF313B32-4AC3-4F4A-8867-D4EF9B063119}.Release|Any CPU.ActiveCfg = Release|Any CPU
		{BF313B32-4AC3-4F4A-8867-D4EF9B063119}.Release|Any CPU.Build.0 = Release|Any CPU
		{9BCE78E2-EC46-4C5A-954D-9B7E0B0D556D}.Debug|Any CPU.ActiveCfg = Debug|Any CPU
		{9BCE78E2-EC46-4C5A-954D-9B7E0B0D556D}.Debug|Any CPU.Build.0 = Debug|Any CPU
		{9BCE78E2-EC46-4C5A-954D-9B7E0B0D556D}.Release|Any CPU.ActiveCfg = Release|Any CPU
		{9BCE78E2-EC46-4C5A-954D-9B7E0B0D556D}.Release|Any CPU.Build.0 = Release|Any CPU
	EndGlobalSection
	GlobalSection(SolutionProperties) = preSolution
		HideSolutionNode = FALSE
	EndGlobalSection
	GlobalSection(ExtensibilityGlobals) = postSolution
		SolutionGuid = {E165D8D6-26D3-4813-AE0D-47372D73B673}
	EndGlobalSection
EndGlobal
